
Microsoft Visual Studio Solution File, Format Version 12.00
# Visual Studio Version 17
VisualStudioVersion = 17.11.35303.130
MinimumVisualStudioVersion = 10.0.40219.1
Project("{FAE04EC0-301F-11D3-BF4B-00C04F79EFBC}") = "EFWEBAPI", "EFWEBAPI.csproj", "{B18F9CEC-6033-4A28-9E5D-900D58EFEC59}"
EndProject
Global
	GlobalSection(SolutionConfigurationPlatforms) = preSolution
		Debug|Any CPU = Debug|Any CPU
		Release|Any CPU = Release|Any CPU
	EndGlobalSection
	GlobalSection(ProjectConfigurationPlatforms) = postSolution
		{B18F9CEC-6033-4A28-9E5D-900D58EFEC59}.Debug|Any CPU.ActiveCfg = Debug|Any CPU
		{B18F9CEC-6033-4A28-9E5D-900D58EFEC59}.Debug|Any CPU.Build.0 = Debug|Any CPU
		{B18F9CEC-6033-4A28-9E5D-900D58EFEC59}.Release|Any CPU.ActiveCfg = Release|Any CPU
		{B18F9CEC-6033-4A28-9E5D-900D58EFEC59}.Release|Any CPU.Build.0 = Release|Any CPU
	EndGlobalSection
	GlobalSection(SolutionProperties) = preSolution
		HideSolutionNode = FALSE
	EndGlobalSection
	GlobalSection(ExtensibilityGlobals) = postSolution
		SolutionGuid = {86EFE9E5-317F-4DA8-81D7-31F89C5AE587}
	EndGlobalSection
EndGlobal
